
Microsoft Visual Studio Solution File, Format Version 12.00
# Visual Studio Version 17
VisualStudioVersion = 17.13.35806.99 d17.13
MinimumVisualStudioVersion = 10.0.40219.1
Project("{FAE04EC0-301F-11D3-BF4B-00C04F79EFBC}") = "ExpenseMate", "ExpenseMate\ExpenseMate.csproj", "{2971F670-67E0-40FB-94EE-BE9EB65DCD11}"
EndProject
Global
	GlobalSection(SolutionConfigurationPlatforms) = preSolution
		Debug|Any CPU = Debug|Any CPU
		Release|Any CPU = Release|Any CPU
	EndGlobalSection
	GlobalSection(ProjectConfigurationPlatforms) = postSolution
		{2971F670-67E0-40FB-94EE-BE9EB65DCD11}.Debug|Any CPU.ActiveCfg = Debug|Any CPU
		{2971F670-67E0-40FB-94EE-BE9EB65DCD11}.Debug|Any CPU.Build.0 = Debug|Any CPU
		{2971F670-67E0-40FB-94EE-BE9EB65DCD11}.Release|Any CPU.ActiveCfg = Release|Any CPU
		{2971F670-67E0-40FB-94EE-BE9EB65DCD11}.Release|Any CPU.Build.0 = Release|Any CPU
	EndGlobalSection
	GlobalSection(SolutionProperties) = preSolution
		HideSolutionNode = FALSE
	EndGlobalSection
	GlobalSection(ExtensibilityGlobals) = postSolution
		SolutionGuid = {49F2E149-2E5D-4270-B759-95913FEE3F46}
	EndGlobalSection
EndGlobal
